// !$*UTF8*$!
{
	archiveVersion = 1;
	classes = {
	};
	objectVersion = 56;
	objects = {

/* Begin PBXBuildFile section */
		4D469F26299DF2950010BEC9 /* ImagePicker.swift in Sources */ = {isa = PBXBuildFile; fileRef = 4D469F25299DF2950010BEC9 /* ImagePicker.swift */; };
		4D469F2A299E475C0010BEC9 /* FirebaseStorageManager.swift in Sources */ = {isa = PBXBuildFile; fileRef = 4D469F29299E475C0010BEC9 /* FirebaseStorageManager.swift */; };
		4D469F2C299E49A60010BEC9 /* FirebaseStorageError.swift in Sources */ = {isa = PBXBuildFile; fileRef = 4D469F2B299E49A60010BEC9 /* FirebaseStorageError.swift */; };
		4D469F2E299F95EE0010BEC9 /* NewMessageView.swift in Sources */ = {isa = PBXBuildFile; fileRef = 4D469F2D299F95EE0010BEC9 /* NewMessageView.swift */; };
		4D469F30299F999E0010BEC9 /* NewMessageViewModel.swift in Sources */ = {isa = PBXBuildFile; fileRef = 4D469F2F299F999E0010BEC9 /* NewMessageViewModel.swift */; };
		4D5D103329A1085200138F43 /* ContentView.swift in Sources */ = {isa = PBXBuildFile; fileRef = 4D5D103229A1085200138F43 /* ContentView.swift */; };
		4D5D103529A154F600138F43 /* ChatLogView.swift in Sources */ = {isa = PBXBuildFile; fileRef = 4D5D103429A154F600138F43 /* ChatLogView.swift */; };
		4D5D103729A1F43700138F43 /* TextEditView.swift in Sources */ = {isa = PBXBuildFile; fileRef = 4D5D103629A1F43700138F43 /* TextEditView.swift */; };
		4D72BED5299B6091009DD66D /* FirebaseAuth in Frameworks */ = {isa = PBXBuildFile; productRef = 4D72BED4299B6091009DD66D /* FirebaseAuth */; };
		4D72BED7299B6091009DD66D /* FirebaseFirestore in Frameworks */ = {isa = PBXBuildFile; productRef = 4D72BED6299B6091009DD66D /* FirebaseFirestore */; };
		4D72BED9299B6091009DD66D /* FirebaseFirestoreSwift in Frameworks */ = {isa = PBXBuildFile; productRef = 4D72BED8299B6091009DD66D /* FirebaseFirestoreSwift */; };
		4D72BEDB299B6091009DD66D /* FirebaseFunctions in Frameworks */ = {isa = PBXBuildFile; productRef = 4D72BEDA299B6091009DD66D /* FirebaseFunctions */; };
		4D72BEDD299B6091009DD66D /* FirebaseStorage in Frameworks */ = {isa = PBXBuildFile; productRef = 4D72BEDC299B6091009DD66D /* FirebaseStorage */; };
		4D72BEE3299B639B009DD66D /* KakaoSDKAuth in Frameworks */ = {isa = PBXBuildFile; productRef = 4D72BEE2299B639B009DD66D /* KakaoSDKAuth */; };
		4D72BEE5299B639B009DD66D /* KakaoSDKCommon in Frameworks */ = {isa = PBXBuildFile; productRef = 4D72BEE4299B639B009DD66D /* KakaoSDKCommon */; };
		4D72BEE7299B639B009DD66D /* KakaoSDKUser in Frameworks */ = {isa = PBXBuildFile; productRef = 4D72BEE6299B639B009DD66D /* KakaoSDKUser */; };
		4D72BEE9299B8E34009DD66D /* AuthPublisher.swift in Sources */ = {isa = PBXBuildFile; fileRef = 4D72BEE8299B8E34009DD66D /* AuthPublisher.swift */; };
		4D72BEEB299B927D009DD66D /* AppState.swift in Sources */ = {isa = PBXBuildFile; fileRef = 4D72BEEA299B927D009DD66D /* AppState.swift */; };
		4D72BEED299B99BB009DD66D /* MessageListViewModel.swift in Sources */ = {isa = PBXBuildFile; fileRef = 4D72BEEC299B99BB009DD66D /* MessageListViewModel.swift */; };
		4D72BEF0299CE22A009DD66D /* Kingfisher in Frameworks */ = {isa = PBXBuildFile; productRef = 4D72BEEF299CE22A009DD66D /* Kingfisher */; };
		4D72BEF3299CE281009DD66D /* URLImage.swift in Sources */ = {isa = PBXBuildFile; fileRef = 4D72BEF2299CE281009DD66D /* URLImage.swift */; };
		4D72BEF6299CEB96009DD66D /* WithClippedImage.swift in Sources */ = {isa = PBXBuildFile; fileRef = 4D72BEF5299CEB96009DD66D /* WithClippedImage.swift */; };
		4D8D742B2977D56F00CC3F46 /* SanchesChatApp.swift in Sources */ = {isa = PBXBuildFile; fileRef = 4D8D742A2977D56F00CC3F46 /* SanchesChatApp.swift */; };
		4D8D742D2977D56F00CC3F46 /* LoginView.swift in Sources */ = {isa = PBXBuildFile; fileRef = 4D8D742C2977D56F00CC3F46 /* LoginView.swift */; };
		4D8D742F2977D57200CC3F46 /* Assets.xcassets in Resources */ = {isa = PBXBuildFile; fileRef = 4D8D742E2977D57200CC3F46 /* Assets.xcassets */; };
		4D8D74322977D57200CC3F46 /* Preview Assets.xcassets in Resources */ = {isa = PBXBuildFile; fileRef = 4D8D74312977D57200CC3F46 /* Preview Assets.xcassets */; };
		4D8D74392977DA4E00CC3F46 /* GoogleService-Info.plist in Resources */ = {isa = PBXBuildFile; fileRef = 4D8D74382977DA4E00CC3F46 /* GoogleService-Info.plist */; };
		4D8D744F2977E91400CC3F46 /* KakaoAuthManager.swift in Sources */ = {isa = PBXBuildFile; fileRef = 4D8D744E2977E91400CC3F46 /* KakaoAuthManager.swift */; };
		4D8D74522977E9B600CC3F46 /* KakaoAuthError.swift in Sources */ = {isa = PBXBuildFile; fileRef = 4D8D74512977E9B600CC3F46 /* KakaoAuthError.swift */; };
		4D8D74562977F2E900CC3F46 /* LogInViewModel.swift in Sources */ = {isa = PBXBuildFile; fileRef = 4D8D74552977F2E900CC3F46 /* LogInViewModel.swift */; };
		4D8D745829780C9E00CC3F46 /* FirebaseAuthManager.swift in Sources */ = {isa = PBXBuildFile; fileRef = 4D8D745729780C9E00CC3F46 /* FirebaseAuthManager.swift */; };
		4D8D745A29780CD300CC3F46 /* FirebaseAuthError.swift in Sources */ = {isa = PBXBuildFile; fileRef = 4D8D745929780CD300CC3F46 /* FirebaseAuthError.swift */; };
		4D8D746129793BC700CC3F46 /* NonceManager.swift in Sources */ = {isa = PBXBuildFile; fileRef = 4D8D746029793BC700CC3F46 /* NonceManager.swift */; };
		4D8D74632979413E00CC3F46 /* AppleAuthError.swift in Sources */ = {isa = PBXBuildFile; fileRef = 4D8D74622979413E00CC3F46 /* AppleAuthError.swift */; };
		4D8D74652979444000CC3F46 /* AppleAuthManager.swift in Sources */ = {isa = PBXBuildFile; fileRef = 4D8D74642979444000CC3F46 /* AppleAuthManager.swift */; };
		4D8D74672990B6A000CC3F46 /* FontSize.swift in Sources */ = {isa = PBXBuildFile; fileRef = 4D8D74662990B6A000CC3F46 /* FontSize.swift */; };
		4D8D74692990B7F500CC3F46 /* Color.swift in Sources */ = {isa = PBXBuildFile; fileRef = 4D8D74682990B7F500CC3F46 /* Color.swift */; };
		4DA48EC629A25170005DE5CC /* ChatLogViewModel.swift in Sources */ = {isa = PBXBuildFile; fileRef = 4DA48EC529A25170005DE5CC /* ChatLogViewModel.swift */; };
		4DA48EC829A25F61005DE5CC /* ChatMessage.swift in Sources */ = {isa = PBXBuildFile; fileRef = 4DA48EC729A25F61005DE5CC /* ChatMessage.swift */; };
		4DA48ECD29A37534005DE5CC /* Extension + Date.swift in Sources */ = {isa = PBXBuildFile; fileRef = 4DA48ECC29A37534005DE5CC /* Extension + Date.swift */; };
		4DA48ED129A3A52C005DE5CC /* KeyboardPublisher.swift in Sources */ = {isa = PBXBuildFile; fileRef = 4DA48ED029A3A52C005DE5CC /* KeyboardPublisher.swift */; };
		4DA48ED329A3AE40005DE5CC /* RecentMessage.swift in Sources */ = {isa = PBXBuildFile; fileRef = 4DA48ED229A3AE40005DE5CC /* RecentMessage.swift */; };
		4DA48ED729A6119F005DE5CC /* Extension + ObservableObject.swift in Sources */ = {isa = PBXBuildFile; fileRef = 4DA48ED629A6119F005DE5CC /* Extension + ObservableObject.swift */; };
		4DCA75D8299743B4003ECE6C /* QuerySnapshotPublisher.swift in Sources */ = {isa = PBXBuildFile; fileRef = 4DCA75D7299743B4003ECE6C /* QuerySnapshotPublisher.swift */; };
		4DCA75DA299745CD003ECE6C /* FirestoreError.swift in Sources */ = {isa = PBXBuildFile; fileRef = 4DCA75D9299745CC003ECE6C /* FirestoreError.swift */; };
		4DCA75DE29993339003ECE6C /* FirestoreManager.swift in Sources */ = {isa = PBXBuildFile; fileRef = 4DCA75DD29993339003ECE6C /* FirestoreManager.swift */; };
		4DCA75E42999534C003ECE6C /* ChatUser.swift in Sources */ = {isa = PBXBuildFile; fileRef = 4DCA75E32999534C003ECE6C /* ChatUser.swift */; };
		4DCA75E6299AB189003ECE6C /* MessageListView.swift in Sources */ = {isa = PBXBuildFile; fileRef = 4DCA75E5299AB188003ECE6C /* MessageListView.swift */; };
/* End PBXBuildFile section */

/* Begin PBXFileReference section */
		4D469F25299DF2950010BEC9 /* ImagePicker.swift */ = {isa = PBXFileReference; lastKnownFileType = sourcecode.swift; path = ImagePicker.swift; sourceTree = "<group>"; };
		4D469F29299E475C0010BEC9 /* FirebaseStorageManager.swift */ = {isa = PBXFileReference; lastKnownFileType = sourcecode.swift; path = FirebaseStorageManager.swift; sourceTree = "<group>"; };
		4D469F2B299E49A60010BEC9 /* FirebaseStorageError.swift */ = {isa = PBXFileReference; lastKnownFileType = sourcecode.swift; path = FirebaseStorageError.swift; sourceTree = "<group>"; };
		4D469F2D299F95EE0010BEC9 /* NewMessageView.swift */ = {isa = PBXFileReference; lastKnownFileType = sourcecode.swift; path = NewMessageView.swift; sourceTree = "<group>"; };
		4D469F2F299F999E0010BEC9 /* NewMessageViewModel.swift */ = {isa = PBXFileReference; lastKnownFileType = sourcecode.swift; path = NewMessageViewModel.swift; sourceTree = "<group>"; };
		4D5D103229A1085200138F43 /* ContentView.swift */ = {isa = PBXFileReference; lastKnownFileType = sourcecode.swift; path = ContentView.swift; sourceTree = "<group>"; };
		4D5D103429A154F600138F43 /* ChatLogView.swift */ = {isa = PBXFileReference; lastKnownFileType = sourcecode.swift; path = ChatLogView.swift; sourceTree = "<group>"; };
		4D5D103629A1F43700138F43 /* TextEditView.swift */ = {isa = PBXFileReference; lastKnownFileType = sourcecode.swift; path = TextEditView.swift; sourceTree = "<group>"; };
		4D72BEE8299B8E34009DD66D /* AuthPublisher.swift */ = {isa = PBXFileReference; lastKnownFileType = sourcecode.swift; path = AuthPublisher.swift; sourceTree = "<group>"; };
		4D72BEEA299B927D009DD66D /* AppState.swift */ = {isa = PBXFileReference; lastKnownFileType = sourcecode.swift; path = AppState.swift; sourceTree = "<group>"; };
		4D72BEEC299B99BB009DD66D /* MessageListViewModel.swift */ = {isa = PBXFileReference; lastKnownFileType = sourcecode.swift; path = MessageListViewModel.swift; sourceTree = "<group>"; };
		4D72BEF2299CE281009DD66D /* URLImage.swift */ = {isa = PBXFileReference; lastKnownFileType = sourcecode.swift; path = URLImage.swift; sourceTree = "<group>"; };
		4D72BEF5299CEB96009DD66D /* WithClippedImage.swift */ = {isa = PBXFileReference; lastKnownFileType = sourcecode.swift; path = WithClippedImage.swift; sourceTree = "<group>"; };
		4D8D74272977D56F00CC3F46 /* SanchesChat.app */ = {isa = PBXFileReference; explicitFileType = wrapper.application; includeInIndex = 0; path = SanchesChat.app; sourceTree = BUILT_PRODUCTS_DIR; };
		4D8D742A2977D56F00CC3F46 /* SanchesChatApp.swift */ = {isa = PBXFileReference; lastKnownFileType = sourcecode.swift; path = SanchesChatApp.swift; sourceTree = "<group>"; };
		4D8D742C2977D56F00CC3F46 /* LoginView.swift */ = {isa = PBXFileReference; lastKnownFileType = sourcecode.swift; path = LoginView.swift; sourceTree = "<group>"; };
		4D8D742E2977D57200CC3F46 /* Assets.xcassets */ = {isa = PBXFileReference; lastKnownFileType = folder.assetcatalog; path = Assets.xcassets; sourceTree = "<group>"; };
		4D8D74312977D57200CC3F46 /* Preview Assets.xcassets */ = {isa = PBXFileReference; lastKnownFileType = folder.assetcatalog; path = "Preview Assets.xcassets"; sourceTree = "<group>"; };
		4D8D74382977DA4E00CC3F46 /* GoogleService-Info.plist */ = {isa = PBXFileReference; fileEncoding = 4; lastKnownFileType = text.plist.xml; path = "GoogleService-Info.plist"; sourceTree = "<group>"; };
		4D8D744C2977E5AD00CC3F46 /* Info.plist */ = {isa = PBXFileReference; lastKnownFileType = text.plist; path = Info.plist; sourceTree = "<group>"; };
		4D8D744E2977E91400CC3F46 /* KakaoAuthManager.swift */ = {isa = PBXFileReference; lastKnownFileType = sourcecode.swift; path = KakaoAuthManager.swift; sourceTree = "<group>"; };
		4D8D74512977E9B600CC3F46 /* KakaoAuthError.swift */ = {isa = PBXFileReference; lastKnownFileType = sourcecode.swift; path = KakaoAuthError.swift; sourceTree = "<group>"; };
		4D8D74552977F2E900CC3F46 /* LogInViewModel.swift */ = {isa = PBXFileReference; lastKnownFileType = sourcecode.swift; path = LogInViewModel.swift; sourceTree = "<group>"; };
		4D8D745729780C9E00CC3F46 /* FirebaseAuthManager.swift */ = {isa = PBXFileReference; lastKnownFileType = sourcecode.swift; path = FirebaseAuthManager.swift; sourceTree = "<group>"; };
		4D8D745929780CD300CC3F46 /* FirebaseAuthError.swift */ = {isa = PBXFileReference; lastKnownFileType = sourcecode.swift; path = FirebaseAuthError.swift; sourceTree = "<group>"; };
		4D8D745B2978FF6B00CC3F46 /* SanchesChat.entitlements */ = {isa = PBXFileReference; lastKnownFileType = text.plist.entitlements; path = SanchesChat.entitlements; sourceTree = "<group>"; };
		4D8D746029793BC700CC3F46 /* NonceManager.swift */ = {isa = PBXFileReference; lastKnownFileType = sourcecode.swift; path = NonceManager.swift; sourceTree = "<group>"; };
		4D8D74622979413E00CC3F46 /* AppleAuthError.swift */ = {isa = PBXFileReference; lastKnownFileType = sourcecode.swift; path = AppleAuthError.swift; sourceTree = "<group>"; };
		4D8D74642979444000CC3F46 /* AppleAuthManager.swift */ = {isa = PBXFileReference; lastKnownFileType = sourcecode.swift; path = AppleAuthManager.swift; sourceTree = "<group>"; };
		4D8D74662990B6A000CC3F46 /* FontSize.swift */ = {isa = PBXFileReference; lastKnownFileType = sourcecode.swift; path = FontSize.swift; sourceTree = "<group>"; };
		4D8D74682990B7F500CC3F46 /* Color.swift */ = {isa = PBXFileReference; lastKnownFileType = sourcecode.swift; path = Color.swift; sourceTree = "<group>"; };
		4DA48EC529A25170005DE5CC /* ChatLogViewModel.swift */ = {isa = PBXFileReference; lastKnownFileType = sourcecode.swift; path = ChatLogViewModel.swift; sourceTree = "<group>"; };
		4DA48EC729A25F61005DE5CC /* ChatMessage.swift */ = {isa = PBXFileReference; lastKnownFileType = sourcecode.swift; path = ChatMessage.swift; sourceTree = "<group>"; };
		4DA48ECC29A37534005DE5CC /* Extension + Date.swift */ = {isa = PBXFileReference; lastKnownFileType = sourcecode.swift; path = "Extension + Date.swift"; sourceTree = "<group>"; };
		4DA48ED029A3A52C005DE5CC /* KeyboardPublisher.swift */ = {isa = PBXFileReference; lastKnownFileType = sourcecode.swift; path = KeyboardPublisher.swift; sourceTree = "<group>"; };
		4DA48ED229A3AE40005DE5CC /* RecentMessage.swift */ = {isa = PBXFileReference; lastKnownFileType = sourcecode.swift; path = RecentMessage.swift; sourceTree = "<group>"; };
		4DA48ED629A6119F005DE5CC /* Extension + ObservableObject.swift */ = {isa = PBXFileReference; lastKnownFileType = sourcecode.swift; path = "Extension + ObservableObject.swift"; sourceTree = "<group>"; };
		4DCA75D7299743B4003ECE6C /* QuerySnapshotPublisher.swift */ = {isa = PBXFileReference; lastKnownFileType = sourcecode.swift; path = QuerySnapshotPublisher.swift; sourceTree = "<group>"; };
		4DCA75D9299745CC003ECE6C /* FirestoreError.swift */ = {isa = PBXFileReference; lastKnownFileType = sourcecode.swift; path = FirestoreError.swift; sourceTree = "<group>"; };
		4DCA75DD29993339003ECE6C /* FirestoreManager.swift */ = {isa = PBXFileReference; lastKnownFileType = sourcecode.swift; path = FirestoreManager.swift; sourceTree = "<group>"; };
		4DCA75E32999534C003ECE6C /* ChatUser.swift */ = {isa = PBXFileReference; lastKnownFileType = sourcecode.swift; path = ChatUser.swift; sourceTree = "<group>"; };
		4DCA75E5299AB188003ECE6C /* MessageListView.swift */ = {isa = PBXFileReference; lastKnownFileType = sourcecode.swift; path = MessageListView.swift; sourceTree = "<group>"; };
/* End PBXFileReference section */

/* Begin PBXFrameworksBuildPhase section */
		4D8D74242977D56F00CC3F46 /* Frameworks */ = {
			isa = PBXFrameworksBuildPhase;
			buildActionMask = 2147483647;
			files = (
				4D72BED5299B6091009DD66D /* FirebaseAuth in Frameworks */,
				4D72BEE5299B639B009DD66D /* KakaoSDKCommon in Frameworks */,
				4D72BED7299B6091009DD66D /* FirebaseFirestore in Frameworks */,
				4D72BEF0299CE22A009DD66D /* Kingfisher in Frameworks */,
				4D72BED9299B6091009DD66D /* FirebaseFirestoreSwift in Frameworks */,
				4D72BEE7299B639B009DD66D /* KakaoSDKUser in Frameworks */,
				4D72BEDD299B6091009DD66D /* FirebaseStorage in Frameworks */,
				4D72BEDB299B6091009DD66D /* FirebaseFunctions in Frameworks */,
				4D72BEE3299B639B009DD66D /* KakaoSDKAuth in Frameworks */,
			);
			runOnlyForDeploymentPostprocessing = 0;
		};
/* End PBXFrameworksBuildPhase section */

/* Begin PBXGroup section */
		4D72BEF1299CE254009DD66D /* CommonView */ = {
			isa = PBXGroup;
			children = (
				4D8D74682990B7F500CC3F46 /* Color.swift */,
				4D72BEF2299CE281009DD66D /* URLImage.swift */,
				4D469F25299DF2950010BEC9 /* ImagePicker.swift */,
				4D5D103629A1F43700138F43 /* TextEditView.swift */,
			);
			path = CommonView;
			sourceTree = "<group>";
		};
		4D72BEF4299CE47F009DD66D /* ViewModifier */ = {
			isa = PBXGroup;
			children = (
				4D8D74662990B6A000CC3F46 /* FontSize.swift */,
				4D72BEF5299CEB96009DD66D /* WithClippedImage.swift */,
			);
			path = ViewModifier;
			sourceTree = "<group>";
		};
		4D8D741E2977D56F00CC3F46 = {
			isa = PBXGroup;
			children = (
				4D8D74292977D56F00CC3F46 /* SanchesChat */,
				4D8D74282977D56F00CC3F46 /* Products */,
			);
			sourceTree = "<group>";
		};
		4D8D74282977D56F00CC3F46 /* Products */ = {
			isa = PBXGroup;
			children = (
				4D8D74272977D56F00CC3F46 /* SanchesChat.app */,
			);
			name = Products;
			sourceTree = "<group>";
		};
		4D8D74292977D56F00CC3F46 /* SanchesChat */ = {
			isa = PBXGroup;
			children = (
				4D8D745B2978FF6B00CC3F46 /* SanchesChat.entitlements */,
				4DCA75E22999533E003ECE6C /* Model */,
				4D8D74542977F2D700CC3F46 /* ViewModel */,
				4D8D74532977F2A200CC3F46 /* View */,
				4D8D744D2977E8F200CC3F46 /* Manager */,
				4D8D74502977E99D00CC3F46 /* Error */,
				4DA48ECB29A3750B005DE5CC /* Extension */,
				4DCA75D62997438F003ECE6C /* Publisher */,
				4D8D742A2977D56F00CC3F46 /* SanchesChatApp.swift */,
				4D5D103229A1085200138F43 /* ContentView.swift */,
				4D72BEEA299B927D009DD66D /* AppState.swift */,
				4D8D742E2977D57200CC3F46 /* Assets.xcassets */,
				4D8D744C2977E5AD00CC3F46 /* Info.plist */,
				4D8D74382977DA4E00CC3F46 /* GoogleService-Info.plist */,
				4D8D74302977D57200CC3F46 /* Preview Content */,
			);
			path = SanchesChat;
			sourceTree = "<group>";
		};
		4D8D74302977D57200CC3F46 /* Preview Content */ = {
			isa = PBXGroup;
			children = (
				4D8D74312977D57200CC3F46 /* Preview Assets.xcassets */,
			);
			path = "Preview Content";
			sourceTree = "<group>";
		};
		4D8D744D2977E8F200CC3F46 /* Manager */ = {
			isa = PBXGroup;
			children = (
				4D8D744E2977E91400CC3F46 /* KakaoAuthManager.swift */,
				4D8D745729780C9E00CC3F46 /* FirebaseAuthManager.swift */,
				4D8D746029793BC700CC3F46 /* NonceManager.swift */,
				4D8D74642979444000CC3F46 /* AppleAuthManager.swift */,
				4DCA75DD29993339003ECE6C /* FirestoreManager.swift */,
				4D469F29299E475C0010BEC9 /* FirebaseStorageManager.swift */,
			);
			path = Manager;
			sourceTree = "<group>";
		};
		4D8D74502977E99D00CC3F46 /* Error */ = {
			isa = PBXGroup;
			children = (
				4D8D74512977E9B600CC3F46 /* KakaoAuthError.swift */,
				4D8D745929780CD300CC3F46 /* FirebaseAuthError.swift */,
				4D8D74622979413E00CC3F46 /* AppleAuthError.swift */,
				4DCA75D9299745CC003ECE6C /* FirestoreError.swift */,
				4D469F2B299E49A60010BEC9 /* FirebaseStorageError.swift */,
			);
			path = Error;
			sourceTree = "<group>";
		};
		4D8D74532977F2A200CC3F46 /* View */ = {
			isa = PBXGroup;
			children = (
				4D8D742C2977D56F00CC3F46 /* LoginView.swift */,
				4DCA75E5299AB188003ECE6C /* MessageListView.swift */,
				4D469F2D299F95EE0010BEC9 /* NewMessageView.swift */,
				4D5D103429A154F600138F43 /* ChatLogView.swift */,
				4D72BEF1299CE254009DD66D /* CommonView */,
				4D72BEF4299CE47F009DD66D /* ViewModifier */,
			);
			path = View;
			sourceTree = "<group>";
		};
		4D8D74542977F2D700CC3F46 /* ViewModel */ = {
			isa = PBXGroup;
			children = (
				4D8D74552977F2E900CC3F46 /* LogInViewModel.swift */,
				4D72BEEC299B99BB009DD66D /* MessageListViewModel.swift */,
				4D469F2F299F999E0010BEC9 /* NewMessageViewModel.swift */,
				4DA48EC529A25170005DE5CC /* ChatLogViewModel.swift */,
			);
			path = ViewModel;
			sourceTree = "<group>";
		};
		4DA48ECB29A3750B005DE5CC /* Extension */ = {
			isa = PBXGroup;
			children = (
				4DA48ECC29A37534005DE5CC /* Extension + Date.swift */,
				4DA48ED629A6119F005DE5CC /* Extension + ObservableObject.swift */,
			);
			path = Extension;
			sourceTree = "<group>";
		};
		4DCA75D62997438F003ECE6C /* Publisher */ = {
			isa = PBXGroup;
			children = (
				4DCA75D7299743B4003ECE6C /* QuerySnapshotPublisher.swift */,
				4D72BEE8299B8E34009DD66D /* AuthPublisher.swift */,
				4DA48ED029A3A52C005DE5CC /* KeyboardPublisher.swift */,
			);
			path = Publisher;
			sourceTree = "<group>";
		};
		4DCA75E22999533E003ECE6C /* Model */ = {
			isa = PBXGroup;
			children = (
				4DCA75E32999534C003ECE6C /* ChatUser.swift */,
				4DA48EC729A25F61005DE5CC /* ChatMessage.swift */,
				4DA48ED229A3AE40005DE5CC /* RecentMessage.swift */,
			);
			path = Model;
			sourceTree = "<group>";
		};
/* End PBXGroup section */

/* Begin PBXNativeTarget section */
		4D8D74262977D56F00CC3F46 /* SanchesChat */ = {
			isa = PBXNativeTarget;
			buildConfigurationList = 4D8D74352977D57200CC3F46 /* Build configuration list for PBXNativeTarget "SanchesChat" */;
			buildPhases = (
				4D8D74232977D56F00CC3F46 /* Sources */,
				4D8D74242977D56F00CC3F46 /* Frameworks */,
				4D8D74252977D56F00CC3F46 /* Resources */,
			);
			buildRules = (
			);
			dependencies = (
			);
			name = SanchesChat;
			packageProductDependencies = (
				4D72BED4299B6091009DD66D /* FirebaseAuth */,
				4D72BED6299B6091009DD66D /* FirebaseFirestore */,
				4D72BED8299B6091009DD66D /* FirebaseFirestoreSwift */,
				4D72BEDA299B6091009DD66D /* FirebaseFunctions */,
				4D72BEDC299B6091009DD66D /* FirebaseStorage */,
				4D72BEE2299B639B009DD66D /* KakaoSDKAuth */,
				4D72BEE4299B639B009DD66D /* KakaoSDKCommon */,
				4D72BEE6299B639B009DD66D /* KakaoSDKUser */,
				4D72BEEF299CE22A009DD66D /* Kingfisher */,
			);
			productName = SanchesChat;
			productReference = 4D8D74272977D56F00CC3F46 /* SanchesChat.app */;
			productType = "com.apple.product-type.application";
		};
/* End PBXNativeTarget section */

/* Begin PBXProject section */
		4D8D741F2977D56F00CC3F46 /* Project object */ = {
			isa = PBXProject;
			attributes = {
				BuildIndependentTargetsInParallel = 1;
				LastSwiftUpdateCheck = 1410;
				LastUpgradeCheck = 1410;
				TargetAttributes = {
					4D8D74262977D56F00CC3F46 = {
						CreatedOnToolsVersion = 14.1;
					};
				};
			};
			buildConfigurationList = 4D8D74222977D56F00CC3F46 /* Build configuration list for PBXProject "SanchesChat" */;
			compatibilityVersion = "Xcode 14.0";
			developmentRegion = en;
			hasScannedForEncodings = 0;
			knownRegions = (
				en,
				Base,
			);
			mainGroup = 4D8D741E2977D56F00CC3F46;
			packageReferences = (
				4D72BED3299B6091009DD66D /* XCRemoteSwiftPackageReference "firebase-ios-sdk" */,
				4D72BEE1299B639B009DD66D /* XCRemoteSwiftPackageReference "kakao-ios-sdk" */,
				4D72BEEE299CE229009DD66D /* XCRemoteSwiftPackageReference "Kingfisher" */,
			);
			productRefGroup = 4D8D74282977D56F00CC3F46 /* Products */;
			projectDirPath = "";
			projectRoot = "";
			targets = (
				4D8D74262977D56F00CC3F46 /* SanchesChat */,
			);
		};
/* End PBXProject section */

/* Begin PBXResourcesBuildPhase section */
		4D8D74252977D56F00CC3F46 /* Resources */ = {
			isa = PBXResourcesBuildPhase;
			buildActionMask = 2147483647;
			files = (
				4D8D74322977D57200CC3F46 /* Preview Assets.xcassets in Resources */,
				4D8D742F2977D57200CC3F46 /* Assets.xcassets in Resources */,
				4D8D74392977DA4E00CC3F46 /* GoogleService-Info.plist in Resources */,
			);
			runOnlyForDeploymentPostprocessing = 0;
		};
/* End PBXResourcesBuildPhase section */

/* Begin PBXSourcesBuildPhase section */
		4D8D74232977D56F00CC3F46 /* Sources */ = {
			isa = PBXSourcesBuildPhase;
			buildActionMask = 2147483647;
			files = (
				4D8D745829780C9E00CC3F46 /* FirebaseAuthManager.swift in Sources */,
				4DCA75DE29993339003ECE6C /* FirestoreManager.swift in Sources */,
				4D5D103329A1085200138F43 /* ContentView.swift in Sources */,
				4D72BEEB299B927D009DD66D /* AppState.swift in Sources */,
				4DA48EC629A25170005DE5CC /* ChatLogViewModel.swift in Sources */,
				4DA48ED129A3A52C005DE5CC /* KeyboardPublisher.swift in Sources */,
				4D72BEF6299CEB96009DD66D /* WithClippedImage.swift in Sources */,
				4DA48ED329A3AE40005DE5CC /* RecentMessage.swift in Sources */,
				4D8D74632979413E00CC3F46 /* AppleAuthError.swift in Sources */,
				4DCA75D8299743B4003ECE6C /* QuerySnapshotPublisher.swift in Sources */,
				4D8D744F2977E91400CC3F46 /* KakaoAuthManager.swift in Sources */,
				4D8D742D2977D56F00CC3F46 /* LoginView.swift in Sources */,
				4D72BEF3299CE281009DD66D /* URLImage.swift in Sources */,
				4D8D746129793BC700CC3F46 /* NonceManager.swift in Sources */,
				4D469F2C299E49A60010BEC9 /* FirebaseStorageError.swift in Sources */,
				4D8D74692990B7F500CC3F46 /* Color.swift in Sources */,
				4D469F30299F999E0010BEC9 /* NewMessageViewModel.swift in Sources */,
				4DA48ED729A6119F005DE5CC /* Extension + ObservableObject.swift in Sources */,
				4DCA75E42999534C003ECE6C /* ChatUser.swift in Sources */,
				4D8D745A29780CD300CC3F46 /* FirebaseAuthError.swift in Sources */,
				4DA48EC829A25F61005DE5CC /* ChatMessage.swift in Sources */,
				4D469F26299DF2950010BEC9 /* ImagePicker.swift in Sources */,
				4DCA75DA299745CD003ECE6C /* FirestoreError.swift in Sources */,
				4D8D74522977E9B600CC3F46 /* KakaoAuthError.swift in Sources */,
				4D469F2A299E475C0010BEC9 /* FirebaseStorageManager.swift in Sources */,
				4D8D742B2977D56F00CC3F46 /* SanchesChatApp.swift in Sources */,
				4D469F2E299F95EE0010BEC9 /* NewMessageView.swift in Sources */,
				4DA48ECD29A37534005DE5CC /* Extension + Date.swift in Sources */,
				4D8D74672990B6A000CC3F46 /* FontSize.swift in Sources */,
				4D8D74652979444000CC3F46 /* AppleAuthManager.swift in Sources */,
				4D5D103529A154F600138F43 /* ChatLogView.swift in Sources */,
				4DCA75E6299AB189003ECE6C /* MessageListView.swift in Sources */,
				4D72BEE9299B8E34009DD66D /* AuthPublisher.swift in Sources */,
				4D8D74562977F2E900CC3F46 /* LogInViewModel.swift in Sources */,
				4D72BEED299B99BB009DD66D /* MessageListViewModel.swift in Sources */,
				4D5D103729A1F43700138F43 /* TextEditView.swift in Sources */,
			);
			runOnlyForDeploymentPostprocessing = 0;
		};
/* End PBXSourcesBuildPhase section */

/* Begin XCBuildConfiguration section */
		4D8D74332977D57200CC3F46 /* Debug */ = {
			isa = XCBuildConfiguration;
			buildSettings = {
				ALWAYS_SEARCH_USER_PATHS = NO;
				CLANG_ANALYZER_NONNULL = YES;
				CLANG_ANALYZER_NUMBER_OBJECT_CONVERSION = YES_AGGRESSIVE;
				CLANG_CXX_LANGUAGE_STANDARD = "gnu++20";
				CLANG_ENABLE_MODULES = YES;
				CLANG_ENABLE_OBJC_ARC = YES;
				CLANG_ENABLE_OBJC_WEAK = YES;
				CLANG_WARN_BLOCK_CAPTURE_AUTORELEASING = YES;
				CLANG_WARN_BOOL_CONVERSION = YES;
				CLANG_WARN_COMMA = YES;
				CLANG_WARN_CONSTANT_CONVERSION = YES;
				CLANG_WARN_DEPRECATED_OBJC_IMPLEMENTATIONS = YES;
				CLANG_WARN_DIRECT_OBJC_ISA_USAGE = YES_ERROR;
				CLANG_WARN_DOCUMENTATION_COMMENTS = YES;
				CLANG_WARN_EMPTY_BODY = YES;
				CLANG_WARN_ENUM_CONVERSION = YES;
				CLANG_WARN_INFINITE_RECURSION = YES;
				CLANG_WARN_INT_CONVERSION = YES;
				CLANG_WARN_NON_LITERAL_NULL_CONVERSION = YES;
				CLANG_WARN_OBJC_IMPLICIT_RETAIN_SELF = YES;
				CLANG_WARN_OBJC_LITERAL_CONVERSION = YES;
				CLANG_WARN_OBJC_ROOT_CLASS = YES_ERROR;
				CLANG_WARN_QUOTED_INCLUDE_IN_FRAMEWORK_HEADER = YES;
				CLANG_WARN_RANGE_LOOP_ANALYSIS = YES;
				CLANG_WARN_STRICT_PROTOTYPES = YES;
				CLANG_WARN_SUSPICIOUS_MOVE = YES;
				CLANG_WARN_UNGUARDED_AVAILABILITY = YES_AGGRESSIVE;
				CLANG_WARN_UNREACHABLE_CODE = YES;
				CLANG_WARN__DUPLICATE_METHOD_MATCH = YES;
				COPY_PHASE_STRIP = NO;
				DEBUG_INFORMATION_FORMAT = dwarf;
				ENABLE_STRICT_OBJC_MSGSEND = YES;
				ENABLE_TESTABILITY = YES;
				GCC_C_LANGUAGE_STANDARD = gnu11;
				GCC_DYNAMIC_NO_PIC = NO;
				GCC_NO_COMMON_BLOCKS = YES;
				GCC_OPTIMIZATION_LEVEL = 0;
				GCC_PREPROCESSOR_DEFINITIONS = (
					"DEBUG=1",
					"$(inherited)",
				);
				GCC_WARN_64_TO_32_BIT_CONVERSION = YES;
				GCC_WARN_ABOUT_RETURN_TYPE = YES_ERROR;
				GCC_WARN_UNDECLARED_SELECTOR = YES;
				GCC_WARN_UNINITIALIZED_AUTOS = YES_AGGRESSIVE;
				GCC_WARN_UNUSED_FUNCTION = YES;
				GCC_WARN_UNUSED_VARIABLE = YES;
				IPHONEOS_DEPLOYMENT_TARGET = 14.0;
				MTL_ENABLE_DEBUG_INFO = INCLUDE_SOURCE;
				MTL_FAST_MATH = YES;
				ONLY_ACTIVE_ARCH = YES;
				SDKROOT = iphoneos;
				SWIFT_ACTIVE_COMPILATION_CONDITIONS = DEBUG;
				SWIFT_OPTIMIZATION_LEVEL = "-Onone";
			};
			name = Debug;
		};
		4D8D74342977D57200CC3F46 /* Release */ = {
			isa = XCBuildConfiguration;
			buildSettings = {
				ALWAYS_SEARCH_USER_PATHS = NO;
				CLANG_ANALYZER_NONNULL = YES;
				CLANG_ANALYZER_NUMBER_OBJECT_CONVERSION = YES_AGGRESSIVE;
				CLANG_CXX_LANGUAGE_STANDARD = "gnu++20";
				CLANG_ENABLE_MODULES = YES;
				CLANG_ENABLE_OBJC_ARC = YES;
				CLANG_ENABLE_OBJC_WEAK = YES;
				CLANG_WARN_BLOCK_CAPTURE_AUTORELEASING = YES;
				CLANG_WARN_BOOL_CONVERSION = YES;
				CLANG_WARN_COMMA = YES;
				CLANG_WARN_CONSTANT_CONVERSION = YES;
				CLANG_WARN_DEPRECATED_OBJC_IMPLEMENTATIONS = YES;
				CLANG_WARN_DIRECT_OBJC_ISA_USAGE = YES_ERROR;
				CLANG_WARN_DOCUMENTATION_COMMENTS = YES;
				CLANG_WARN_EMPTY_BODY = YES;
				CLANG_WARN_ENUM_CONVERSION = YES;
				CLANG_WARN_INFINITE_RECURSION = YES;
				CLANG_WARN_INT_CONVERSION = YES;
				CLANG_WARN_NON_LITERAL_NULL_CONVERSION = YES;
				CLANG_WARN_OBJC_IMPLICIT_RETAIN_SELF = YES;
				CLANG_WARN_OBJC_LITERAL_CONVERSION = YES;
				CLANG_WARN_OBJC_ROOT_CLASS = YES_ERROR;
				CLANG_WARN_QUOTED_INCLUDE_IN_FRAMEWORK_HEADER = YES;
				CLANG_WARN_RANGE_LOOP_ANALYSIS = YES;
				CLANG_WARN_STRICT_PROTOTYPES = YES;
				CLANG_WARN_SUSPICIOUS_MOVE = YES;
				CLANG_WARN_UNGUARDED_AVAILABILITY = YES_AGGRESSIVE;
				CLANG_WARN_UNREACHABLE_CODE = YES;
				CLANG_WARN__DUPLICATE_METHOD_MATCH = YES;
				COPY_PHASE_STRIP = NO;
				DEBUG_INFORMATION_FORMAT = "dwarf-with-dsym";
				ENABLE_NS_ASSERTIONS = NO;
				ENABLE_STRICT_OBJC_MSGSEND = YES;
				GCC_C_LANGUAGE_STANDARD = gnu11;
				GCC_NO_COMMON_BLOCKS = YES;
				GCC_WARN_64_TO_32_BIT_CONVERSION = YES;
				GCC_WARN_ABOUT_RETURN_TYPE = YES_ERROR;
				GCC_WARN_UNDECLARED_SELECTOR = YES;
				GCC_WARN_UNINITIALIZED_AUTOS = YES_AGGRESSIVE;
				GCC_WARN_UNUSED_FUNCTION = YES;
				GCC_WARN_UNUSED_VARIABLE = YES;
				IPHONEOS_DEPLOYMENT_TARGET = 14.0;
				MTL_ENABLE_DEBUG_INFO = NO;
				MTL_FAST_MATH = YES;
				SDKROOT = iphoneos;
				SWIFT_COMPILATION_MODE = wholemodule;
				SWIFT_OPTIMIZATION_LEVEL = "-O";
				VALIDATE_PRODUCT = YES;
			};
			name = Release;
		};
		4D8D74362977D57200CC3F46 /* Debug */ = {
			isa = XCBuildConfiguration;
			buildSettings = {
				ASSETCATALOG_COMPILER_APPICON_NAME = AppIcon;
				ASSETCATALOG_COMPILER_GLOBAL_ACCENT_COLOR_NAME = AccentColor;
				CODE_SIGN_ENTITLEMENTS = SanchesChat/SanchesChat.entitlements;
				CODE_SIGN_STYLE = Automatic;
				CURRENT_PROJECT_VERSION = 1;
				DEVELOPMENT_ASSET_PATHS = "\"SanchesChat/Preview Content\"";
				DEVELOPMENT_TEAM = 626VJ36K6Q;
				ENABLE_PREVIEWS = YES;
				"EXCLUDED_ARCHS[sdk=iphonesimulator*]" = arm64;
				GENERATE_INFOPLIST_FILE = YES;
				INFOPLIST_FILE = SanchesChat/Info.plist;
				INFOPLIST_KEY_UIApplicationSceneManifest_Generation = YES;
				INFOPLIST_KEY_UIApplicationSupportsIndirectInputEvents = YES;
				INFOPLIST_KEY_UILaunchScreen_Generation = YES;
				INFOPLIST_KEY_UISupportedInterfaceOrientations_iPad = "UIInterfaceOrientationPortrait UIInterfaceOrientationPortraitUpsideDown UIInterfaceOrientationLandscapeLeft UIInterfaceOrientationLandscapeRight";
				INFOPLIST_KEY_UISupportedInterfaceOrientations_iPhone = "UIInterfaceOrientationPortrait UIInterfaceOrientationLandscapeLeft UIInterfaceOrientationLandscapeRight";
				IPHONEOS_DEPLOYMENT_TARGET = 14.0;
				KAKAO_KEY = 354695318ff662f4c1476b3f0bff0477;
				LD_RUNPATH_SEARCH_PATHS = (
					"$(inherited)",
					"@executable_path/Frameworks",
				);
				MARKETING_VERSION = 1.0;
				ONLY_ACTIVE_ARCH = NO;
				PRODUCT_BUNDLE_IDENTIFIER = com.sanches.SanchesChat;
				PRODUCT_NAME = "$(TARGET_NAME)";
				SWIFT_EMIT_LOC_STRINGS = YES;
				SWIFT_VERSION = 5.0;
				TARGETED_DEVICE_FAMILY = "1,2";
			};
			name = Debug;
		};
		4D8D74372977D57200CC3F46 /* Release */ = {
			isa = XCBuildConfiguration;
			buildSettings = {
				ASSETCATALOG_COMPILER_APPICON_NAME = AppIcon;
				ASSETCATALOG_COMPILER_GLOBAL_ACCENT_COLOR_NAME = AccentColor;
				CODE_SIGN_ENTITLEMENTS = SanchesChat/SanchesChat.entitlements;
				CODE_SIGN_STYLE = Automatic;
				CURRENT_PROJECT_VERSION = 1;
				DEVELOPMENT_ASSET_PATHS = "\"SanchesChat/Preview Content\"";
				DEVELOPMENT_TEAM = 626VJ36K6Q;
				ENABLE_PREVIEWS = YES;
				"EXCLUDED_ARCHS[sdk=iphonesimulator*]" = arm64;
				GENERATE_INFOPLIST_FILE = YES;
				INFOPLIST_FILE = SanchesChat/Info.plist;
				INFOPLIST_KEY_UIApplicationSceneManifest_Generation = YES;
				INFOPLIST_KEY_UIApplicationSupportsIndirectInputEvents = YES;
				INFOPLIST_KEY_UILaunchScreen_Generation = YES;
				INFOPLIST_KEY_UISupportedInterfaceOrientations_iPad = "UIInterfaceOrientationPortrait UIInterfaceOrientationPortraitUpsideDown UIInterfaceOrientationLandscapeLeft UIInterfaceOrientationLandscapeRight";
				INFOPLIST_KEY_UISupportedInterfaceOrientations_iPhone = "UIInterfaceOrientationPortrait UIInterfaceOrientationLandscapeLeft UIInterfaceOrientationLandscapeRight";
				IPHONEOS_DEPLOYMENT_TARGET = 14.0;
				KAKAO_KEY = 354695318ff662f4c1476b3f0bff0477;
				LD_RUNPATH_SEARCH_PATHS = (
					"$(inherited)",
					"@executable_path/Frameworks",
				);
				MARKETING_VERSION = 1.0;
				PRODUCT_BUNDLE_IDENTIFIER = com.sanches.SanchesChat;
				PRODUCT_NAME = "$(TARGET_NAME)";
				SWIFT_EMIT_LOC_STRINGS = YES;
				SWIFT_VERSION = 5.0;
				TARGETED_DEVICE_FAMILY = "1,2";
			};
			name = Release;
		};
/* End XCBuildConfiguration section */

/* Begin XCConfigurationList section */
		4D8D74222977D56F00CC3F46 /* Build configuration list for PBXProject "SanchesChat" */ = {
			isa = XCConfigurationList;
			buildConfigurations = (
				4D8D74332977D57200CC3F46 /* Debug */,
				4D8D74342977D57200CC3F46 /* Release */,
			);
			defaultConfigurationIsVisible = 0;
			defaultConfigurationName = Release;
		};
		4D8D74352977D57200CC3F46 /* Build configuration list for PBXNativeTarget "SanchesChat" */ = {
			isa = XCConfigurationList;
			buildConfigurations = (
				4D8D74362977D57200CC3F46 /* Debug */,
				4D8D74372977D57200CC3F46 /* Release */,
			);
			defaultConfigurationIsVisible = 0;
			defaultConfigurationName = Release;
		};
/* End XCConfigurationList section */

/* Begin XCRemoteSwiftPackageReference section */
		4D72BED3299B6091009DD66D /* XCRemoteSwiftPackageReference "firebase-ios-sdk" */ = {
			isa = XCRemoteSwiftPackageReference;
			repositoryURL = "https://github.com/firebase/firebase-ios-sdk.git";
			requirement = {
				kind = upToNextMajorVersion;
				minimumVersion = 9.0.0;
			};
		};
		4D72BEE1299B639B009DD66D /* XCRemoteSwiftPackageReference "kakao-ios-sdk" */ = {
			isa = XCRemoteSwiftPackageReference;
			repositoryURL = "https://github.com/kakao/kakao-ios-sdk";
			requirement = {
				kind = upToNextMajorVersion;
				minimumVersion = 2.0.0;
			};
		};
		4D72BEEE299CE229009DD66D /* XCRemoteSwiftPackageReference "Kingfisher" */ = {
			isa = XCRemoteSwiftPackageReference;
			repositoryURL = "https://github.com/onevcat/Kingfisher.git";
			requirement = {
				kind = upToNextMajorVersion;
				minimumVersion = 7.0.0;
			};
		};
/* End XCRemoteSwiftPackageReference section */

/* Begin XCSwiftPackageProductDependency section */
		4D72BED4299B6091009DD66D /* FirebaseAuth */ = {
			isa = XCSwiftPackageProductDependency;
			package = 4D72BED3299B6091009DD66D /* XCRemoteSwiftPackageReference "firebase-ios-sdk" */;
			productName = FirebaseAuth;
		};
		4D72BED6299B6091009DD66D /* FirebaseFirestore */ = {
			isa = XCSwiftPackageProductDependency;
			package = 4D72BED3299B6091009DD66D /* XCRemoteSwiftPackageReference "firebase-ios-sdk" */;
			productName = FirebaseFirestore;
		};
		4D72BED8299B6091009DD66D /* FirebaseFirestoreSwift */ = {
			isa = XCSwiftPackageProductDependency;
			package = 4D72BED3299B6091009DD66D /* XCRemoteSwiftPackageReference "firebase-ios-sdk" */;
			productName = FirebaseFirestoreSwift;
		};
		4D72BEDA299B6091009DD66D /* FirebaseFunctions */ = {
			isa = XCSwiftPackageProductDependency;
			package = 4D72BED3299B6091009DD66D /* XCRemoteSwiftPackageReference "firebase-ios-sdk" */;
			productName = FirebaseFunctions;
		};
		4D72BEDC299B6091009DD66D /* FirebaseStorage */ = {
			isa = XCSwiftPackageProductDependency;
			package = 4D72BED3299B6091009DD66D /* XCRemoteSwiftPackageReference "firebase-ios-sdk" */;
			productName = FirebaseStorage;
		};
		4D72BEE2299B639B009DD66D /* KakaoSDKAuth */ = {
			isa = XCSwiftPackageProductDependency;
			package = 4D72BEE1299B639B009DD66D /* XCRemoteSwiftPackageReference "kakao-ios-sdk" */;
			productName = KakaoSDKAuth;
		};
		4D72BEE4299B639B009DD66D /* KakaoSDKCommon */ = {
			isa = XCSwiftPackageProductDependency;
			package = 4D72BEE1299B639B009DD66D /* XCRemoteSwiftPackageReference "kakao-ios-sdk" */;
			productName = KakaoSDKCommon;
		};
		4D72BEE6299B639B009DD66D /* KakaoSDKUser */ = {
			isa = XCSwiftPackageProductDependency;
			package = 4D72BEE1299B639B009DD66D /* XCRemoteSwiftPackageReference "kakao-ios-sdk" */;
			productName = KakaoSDKUser;
		};
		4D72BEEF299CE22A009DD66D /* Kingfisher */ = {
			isa = XCSwiftPackageProductDependency;
			package = 4D72BEEE299CE229009DD66D /* XCRemoteSwiftPackageReference "Kingfisher" */;
			productName = Kingfisher;
		};
/* End XCSwiftPackageProductDependency section */
	};
	rootObject = 4D8D741F2977D56F00CC3F46 /* Project object */;
}
